
Microsoft Visual Studio Solution File, Format Version 12.00
# Visual Studio Version 17
VisualStudioVersion = 17.0.31903.59
MinimumVisualStudioVersion = 10.0.40219.1
Project("{FAE04EC0-301F-11D3-BF4B-00C04F79EFBC}") = "API", "API\API.csproj", "{029DC383-3CBB-4B27-BCAA-AECFCD594134}"
EndProject
Project("{FAE04EC0-301F-11D3-BF4B-00C04F79EFBC}") = "Core", "Core\Core.csproj", "{7D3E7C08-EBE5-4A1F-8196-A7EF77067B84}"
EndProject
Project("{FAE04EC0-301F-11D3-BF4B-00C04F79EFBC}") = "Infrastructure", "Infrastructure\Infrastructure.csproj", "{64EA57F8-A63F-4E18-9419-3F7C62CB7FBB}"
EndProject
Global
	GlobalSection(SolutionConfigurationPlatforms) = preSolution
		Debug|Any CPU = Debug|Any CPU
		Release|Any CPU = Release|Any CPU
	EndGlobalSection
	GlobalSection(SolutionProperties) = preSolution
		HideSolutionNode = FALSE
	EndGlobalSection
	GlobalSection(ProjectConfigurationPlatforms) = postSolution
		{029DC383-3CBB-4B27-BCAA-AECFCD594134}.Debug|Any CPU.ActiveCfg = Debug|Any CPU
		{029DC383-3CBB-4B27-BCAA-AECFCD594134}.Debug|Any CPU.Build.0 = Debug|Any CPU
		{029DC383-3CBB-4B27-BCAA-AECFCD594134}.Release|Any CPU.ActiveCfg = Release|Any CPU
		{029DC383-3CBB-4B27-BCAA-AECFCD594134}.Release|Any CPU.Build.0 = Release|Any CPU
		{7D3E7C08-EBE5-4A1F-8196-A7EF77067B84}.Debug|Any CPU.ActiveCfg = Debug|Any CPU
		{7D3E7C08-EBE5-4A1F-8196-A7EF77067B84}.Debug|Any CPU.Build.0 = Debug|Any CPU
		{7D3E7C08-EBE5-4A1F-8196-A7EF77067B84}.Release|Any CPU.ActiveCfg = Release|Any CPU
		{7D3E7C08-EBE5-4A1F-8196-A7EF77067B84}.Release|Any CPU.Build.0 = Release|Any CPU
		{64EA57F8-A63F-4E18-9419-3F7C62CB7FBB}.Debug|Any CPU.ActiveCfg = Debug|Any CPU
		{64EA57F8-A63F-4E18-9419-3F7C62CB7FBB}.Debug|Any CPU.Build.0 = Debug|Any CPU
		{64EA57F8-A63F-4E18-9419-3F7C62CB7FBB}.Release|Any CPU.ActiveCfg = Release|Any CPU
		{64EA57F8-A63F-4E18-9419-3F7C62CB7FBB}.Release|Any CPU.Build.0 = Release|Any CPU
	EndGlobalSection
EndGlobal
